
Microsoft Visual Studio Solution File, Format Version 12.00
# Visual Studio 15
VisualStudioVersion = 15.0.26124.0
MinimumVisualStudioVersion = 15.0.26124.0
Project("{FAE04EC0-301F-11D3-BF4B-00C04F79EFBC}") = "AsyncSocket", "AsyncSocket\AsyncSocket.csproj", "{136DDA7C-C837-4A87-A7D0-49E9E03AFC8E}"
EndProject
Project("{FAE04EC0-301F-11D3-BF4B-00C04F79EFBC}") = "Test-AsyncSocket", "Test-AsyncSocket\Test-AsyncSocket.csproj", "{C48078A1-0AE5-4C51-9434-31A90AD94CE3}"
EndProject
Project("{2150E333-8FDC-42A3-9474-1A3956D46DE8}") = "Consoles-ManualTests", "Consoles-ManualTests", "{F955EF76-0277-4C6D-ACC8-B49331BCF062}"
EndProject
Project("{FAE04EC0-301F-11D3-BF4B-00C04F79EFBC}") = "Client", "Consoles-ManualTests\Client\Client.csproj", "{D4A4C3A5-418F-4431-87C1-BAA2B24FBDC7}"
EndProject
Project("{FAE04EC0-301F-11D3-BF4B-00C04F79EFBC}") = "Listener", "Consoles-ManualTests\Listener\Listener.csproj", "{355002D9-0E1F-47E3-8DB5-12069C587868}"
EndProject
Global
	GlobalSection(SolutionConfigurationPlatforms) = preSolution
		Debug|Any CPU = Debug|Any CPU
		Debug|x64 = Debug|x64
		Debug|x86 = Debug|x86
		Release|Any CPU = Release|Any CPU
		Release|x64 = Release|x64
		Release|x86 = Release|x86
	EndGlobalSection
	GlobalSection(SolutionProperties) = preSolution
		HideSolutionNode = FALSE
	EndGlobalSection
	GlobalSection(ProjectConfigurationPlatforms) = postSolution
		{136DDA7C-C837-4A87-A7D0-49E9E03AFC8E}.Debug|Any CPU.ActiveCfg = Debug|Any CPU
		{136DDA7C-C837-4A87-A7D0-49E9E03AFC8E}.Debug|Any CPU.Build.0 = Debug|Any CPU
		{136DDA7C-C837-4A87-A7D0-49E9E03AFC8E}.Debug|x64.ActiveCfg = Debug|Any CPU
		{136DDA7C-C837-4A87-A7D0-49E9E03AFC8E}.Debug|x64.Build.0 = Debug|Any CPU
		{136DDA7C-C837-4A87-A7D0-49E9E03AFC8E}.Debug|x86.ActiveCfg = Debug|Any CPU
		{136DDA7C-C837-4A87-A7D0-49E9E03AFC8E}.Debug|x86.Build.0 = Debug|Any CPU
		{136DDA7C-C837-4A87-A7D0-49E9E03AFC8E}.Release|Any CPU.ActiveCfg = Release|Any CPU
		{136DDA7C-C837-4A87-A7D0-49E9E03AFC8E}.Release|Any CPU.Build.0 = Release|Any CPU
		{136DDA7C-C837-4A87-A7D0-49E9E03AFC8E}.Release|x64.ActiveCfg = Release|Any CPU
		{136DDA7C-C837-4A87-A7D0-49E9E03AFC8E}.Release|x64.Build.0 = Release|Any CPU
		{136DDA7C-C837-4A87-A7D0-49E9E03AFC8E}.Release|x86.ActiveCfg = Release|Any CPU
		{136DDA7C-C837-4A87-A7D0-49E9E03AFC8E}.Release|x86.Build.0 = Release|Any CPU
		{C48078A1-0AE5-4C51-9434-31A90AD94CE3}.Debug|Any CPU.ActiveCfg = Debug|Any CPU
		{C48078A1-0AE5-4C51-9434-31A90AD94CE3}.Debug|Any CPU.Build.0 = Debug|Any CPU
		{C48078A1-0AE5-4C51-9434-31A90AD94CE3}.Debug|x64.ActiveCfg = Debug|Any CPU
		{C48078A1-0AE5-4C51-9434-31A90AD94CE3}.Debug|x64.Build.0 = Debug|Any CPU
		{C48078A1-0AE5-4C51-9434-31A90AD94CE3}.Debug|x86.ActiveCfg = Debug|Any CPU
		{C48078A1-0AE5-4C51-9434-31A90AD94CE3}.Debug|x86.Build.0 = Debug|Any CPU
		{C48078A1-0AE5-4C51-9434-31A90AD94CE3}.Release|Any CPU.ActiveCfg = Release|Any CPU
		{C48078A1-0AE5-4C51-9434-31A90AD94CE3}.Release|Any CPU.Build.0 = Release|Any CPU
		{C48078A1-0AE5-4C51-9434-31A90AD94CE3}.Release|x64.ActiveCfg = Release|Any CPU
		{C48078A1-0AE5-4C51-9434-31A90AD94CE3}.Release|x64.Build.0 = Release|Any CPU
		{C48078A1-0AE5-4C51-9434-31A90AD94CE3}.Release|x86.ActiveCfg = Release|Any CPU
		{C48078A1-0AE5-4C51-9434-31A90AD94CE3}.Release|x86.Build.0 = Release|Any CPU
		{D4A4C3A5-418F-4431-87C1-BAA2B24FBDC7}.Debug|Any CPU.ActiveCfg = Debug|Any CPU
		{D4A4C3A5-418F-4431-87C1-BAA2B24FBDC7}.Debug|Any CPU.Build.0 = Debug|Any CPU
		{D4A4C3A5-418F-4431-87C1-BAA2B24FBDC7}.Debug|x64.ActiveCfg = Debug|Any CPU
		{D4A4C3A5-418F-4431-87C1-BAA2B24FBDC7}.Debug|x64.Build.0 = Debug|Any CPU
		{D4A4C3A5-418F-4431-87C1-BAA2B24FBDC7}.Debug|x86.ActiveCfg = Debug|Any CPU
		{D4A4C3A5-418F-4431-87C1-BAA2B24FBDC7}.Debug|x86.Build.0 = Debug|Any CPU
		{D4A4C3A5-418F-4431-87C1-BAA2B24FBDC7}.Release|Any CPU.ActiveCfg = Release|Any CPU
		{D4A4C3A5-418F-4431-87C1-BAA2B24FBDC7}.Release|Any CPU.Build.0 = Release|Any CPU
		{D4A4C3A5-418F-4431-87C1-BAA2B24FBDC7}.Release|x64.ActiveCfg = Release|Any CPU
		{D4A4C3A5-418F-4431-87C1-BAA2B24FBDC7}.Release|x64.Build.0 = Release|Any CPU
		{D4A4C3A5-418F-4431-87C1-BAA2B24FBDC7}.Release|x86.ActiveCfg = Release|Any CPU
		{D4A4C3A5-418F-4431-87C1-BAA2B24FBDC7}.Release|x86.Build.0 = Release|Any CPU
		{355002D9-0E1F-47E3-8DB5-12069C587868}.Debug|Any CPU.ActiveCfg = Debug|Any CPU
		{355002D9-0E1F-47E3-8DB5-12069C587868}.Debug|Any CPU.Build.0 = Debug|Any CPU
		{355002D9-0E1F-47E3-8DB5-12069C587868}.Debug|x64.ActiveCfg = Debug|Any CPU
		{355002D9-0E1F-47E3-8DB5-12069C587868}.Debug|x64.Build.0 = Debug|Any CPU
		{355002D9-0E1F-47E3-8DB5-12069C587868}.Debug|x86.ActiveCfg = Debug|Any CPU
		{355002D9-0E1F-47E3-8DB5-12069C587868}.Debug|x86.Build.0 = Debug|Any CPU
		{355002D9-0E1F-47E3-8DB5-12069C587868}.Release|Any CPU.ActiveCfg = Release|Any CPU
		{355002D9-0E1F-47E3-8DB5-12069C587868}.Release|Any CPU.Build.0 = Release|Any CPU
		{355002D9-0E1F-47E3-8DB5-12069C587868}.Release|x64.ActiveCfg = Release|Any CPU
		{355002D9-0E1F-47E3-8DB5-12069C587868}.Release|x64.Build.0 = Release|Any CPU
		{355002D9-0E1F-47E3-8DB5-12069C587868}.Release|x86.ActiveCfg = Release|Any CPU
		{355002D9-0E1F-47E3-8DB5-12069C587868}.Release|x86.Build.0 = Release|Any CPU
	EndGlobalSection
	GlobalSection(NestedProjects) = preSolution
		{D4A4C3A5-418F-4431-87C1-BAA2B24FBDC7} = {F955EF76-0277-4C6D-ACC8-B49331BCF062}
		{355002D9-0E1F-47E3-8DB5-12069C587868} = {F955EF76-0277-4C6D-ACC8-B49331BCF062}
	EndGlobalSection
EndGlobal
